// !$*UTF8*$!
{
	archiveVersion = 1;
	classes = {
	};
	objectVersion = 48;
	objects = {

/* Begin PBXBuildFile section */
		72DB04A81FE90EE7002C1720 /* AppDelegate.m in Sources */ = {isa = PBXBuildFile; fileRef = 72DB04A71FE90EE7002C1720 /* AppDelegate.m */; };
		72DB04AB1FE90EE7002C1720 /* ViewController.m in Sources */ = {isa = PBXBuildFile; fileRef = 72DB04AA1FE90EE7002C1720 /* ViewController.m */; };
		72DB04AE1FE90EE7002C1720 /* Main.storyboard in Resources */ = {isa = PBXBuildFile; fileRef = 72DB04AC1FE90EE7002C1720 /* Main.storyboard */; };
		72DB04B01FE90EE7002C1720 /* Assets.xcassets in Resources */ = {isa = PBXBuildFile; fileRef = 72DB04AF1FE90EE7002C1720 /* Assets.xcassets */; };
		72DB04B31FE90EE7002C1720 /* LaunchScreen.storyboard in Resources */ = {isa = PBXBuildFile; fileRef = 72DB04B11FE90EE7002C1720 /* LaunchScreen.storyboard */; };
		72DB04B61FE90EE7002C1720 /* main.m in Sources */ = {isa = PBXBuildFile; fileRef = 72DB04B51FE90EE7002C1720 /* main.m */; };
		72DB04BE1FE9151D002C1720 /* CoreBluetooth.framework in Frameworks */ = {isa = PBXBuildFile; fileRef = 72DB04BD1FE9151D002C1720 /* CoreBluetooth.framework */; };
/* End PBXBuildFile section */

/* Begin PBXFileReference section */
		72DB04A31FE90EE7002C1720 /* carTerminal.app */ = {isa = PBXFileReference; explicitFileType = wrapper.application; includeInIndex = 0; path = carTerminal.app; sourceTree = BUILT_PRODUCTS_DIR; };
		72DB04A61FE90EE7002C1720 /* AppDelegate.h */ = {isa = PBXFileReference; lastKnownFileType = sourcecode.c.h; path = AppDelegate.h; sourceTree = "<group>"; };
		72DB04A71FE90EE7002C1720 /* AppDelegate.m */ = {isa = PBXFileReference; lastKnownFileType = sourcecode.c.objc; path = AppDelegate.m; sourceTree = "<group>"; };
		72DB04A91FE90EE7002C1720 /* ViewController.h */ = {isa = PBXFileReference; lastKnownFileType = sourcecode.c.h; path = ViewController.h; sourceTree = "<group>"; };
		72DB04AA1FE90EE7002C1720 /* ViewController.m */ = {isa = PBXFileReference; lastKnownFileType = sourcecode.c.objc; path = ViewController.m; sourceTree = "<group>"; };
		72DB04AD1FE90EE7002C1720 /* Base */ = {isa = PBXFileReference; lastKnownFileType = file.storyboard; name = Base; path = Base.lproj/Main.storyboard; sourceTree = "<group>"; };
		72DB04AF1FE90EE7002C1720 /* Assets.xcassets */ = {isa = PBXFileReference; lastKnownFileType = folder.assetcatalog; path = Assets.xcassets; sourceTree = "<group>"; };
		72DB04B21FE90EE7002C1720 /* Base */ = {isa = PBXFileReference; lastKnownFileType = file.storyboard; name = Base; path = Base.lproj/LaunchScreen.storyboard; sourceTree = "<group>"; };
		72DB04B41FE90EE7002C1720 /* Info.plist */ = {isa = PBXFileReference; lastKnownFileType = text.plist.xml; path = Info.plist; sourceTree = "<group>"; };
		72DB04B51FE90EE7002C1720 /* main.m */ = {isa = PBXFileReference; lastKnownFileType = sourcecode.c.objc; path = main.m; sourceTree = "<group>"; };
		72DB04BD1FE9151D002C1720 /* CoreBluetooth.framework */ = {isa = PBXFileReference; lastKnownFileType = wrapper.framework; name = CoreBluetooth.framework; path = System/Library/Frameworks/CoreBluetooth.framework; sourceTree = SDKROOT; };
/* End PBXFileReference section */

/* Begin PBXFrameworksBuildPhase section */
		72DB04A01FE90EE7002C1720 /* Frameworks */ = {
			isa = PBXFrameworksBuildPhase;
			buildActionMask = 2147483647;
			files = (
				72DB04BE1FE9151D002C1720 /* CoreBluetooth.framework in Frameworks */,
			);
			runOnlyForDeploymentPostprocessing = 0;
		};
/* End PBXFrameworksBuildPhase section */

/* Begin PBXGroup section */
		72DB049A1FE90EE7002C1720 = {
			isa = PBXGroup;
			children = (
				72DB04A51FE90EE7002C1720 /* carTerminal */,
				72DB04A41FE90EE7002C1720 /* Products */,
				72DB04BC1FE9151D002C1720 /* Frameworks */,
			);
			sourceTree = "<group>";
		};
		72DB04A41FE90EE7002C1720 /* Products */ = {
			isa = PBXGroup;
			children = (
				72DB04A31FE90EE7002C1720 /* carTerminal.app */,
			);
			name = Products;
			sourceTree = "<group>";
		};
		72DB04A51FE90EE7002C1720 /* carTerminal */ = {
			isa = PBXGroup;
			children = (
				72DB04A61FE90EE7002C1720 /* AppDelegate.h */,
				72DB04A71FE90EE7002C1720 /* AppDelegate.m */,
				72DB04A91FE90EE7002C1720 /* ViewController.h */,
				72DB04AA1FE90EE7002C1720 /* ViewController.m */,
				72DB04AC1FE90EE7002C1720 /* Main.storyboard */,
				72DB04AF1FE90EE7002C1720 /* Assets.xcassets */,
				72DB04B11FE90EE7002C1720 /* LaunchScreen.storyboard */,
				72DB04B41FE90EE7002C1720 /* Info.plist */,
				72DB04B51FE90EE7002C1720 /* main.m */,
			);
			path = carTerminal;
			sourceTree = "<group>";
		};
		72DB04BC1FE9151D002C1720 /* Frameworks */ = {
			isa = PBXGroup;
			children = (
				72DB04BD1FE9151D002C1720 /* CoreBluetooth.framework */,
			);
			name = Frameworks;
			sourceTree = "<group>";
		};
/* End PBXGroup section */

/* Begin PBXNativeTarget section */
		72DB04A21FE90EE7002C1720 /* carTerminal */ = {
			isa = PBXNativeTarget;
			buildConfigurationList = 72DB04B91FE90EE7002C1720 /* Build configuration list for PBXNativeTarget "carTerminal" */;
			buildPhases = (
				72DB049F1FE90EE7002C1720 /* Sources */,
				72DB04A01FE90EE7002C1720 /* Frameworks */,
				72DB04A11FE90EE7002C1720 /* Resources */,
			);
			buildRules = (
			);
			dependencies = (
			);
			name = carTerminal;
			productName = carTerminal;
			productReference = 72DB04A31FE90EE7002C1720 /* carTerminal.app */;
			productType = "com.apple.product-type.application";
		};
/* End PBXNativeTarget section */

/* Begin PBXProject section */
		72DB049B1FE90EE7002C1720 /* Project object */ = {
			isa = PBXProject;
			attributes = {
				LastUpgradeCheck = 0920;
				ORGANIZATIONNAME = "Willow Ma";
				TargetAttributes = {
					72DB04A21FE90EE7002C1720 = {
						CreatedOnToolsVersion = 9.2;
						ProvisioningStyle = Automatic;
					};
				};
			};
			buildConfigurationList = 72DB049E1FE90EE7002C1720 /* Build configuration list for PBXProject "carTerminal" */;
			compatibilityVersion = "Xcode 8.0";
			developmentRegion = en;
			hasScannedForEncodings = 0;
			knownRegions = (
				en,
				Base,
			);
			mainGroup = 72DB049A1FE90EE7002C1720;
			productRefGroup = 72DB04A41FE90EE7002C1720 /* Products */;
			projectDirPath = "";
			projectRoot = "";
			targets = (
				72DB04A21FE90EE7002C1720 /* carTerminal */,
			);
		};
/* End PBXProject section */

/* Begin PBXResourcesBuildPhase section */
		72DB04A11FE90EE7002C1720 /* Resources */ = {
			isa = PBXResourcesBuildPhase;
			buildActionMask = 2147483647;
			files = (
				72DB04B31FE90EE7002C1720 /* LaunchScreen.storyboard in Resources */,
				72DB04B01FE90EE7002C1720 /* Assets.xcassets in Resources */,
				72DB04AE1FE90EE7002C1720 /* Main.storyboard in Resources */,
			);
			runOnlyForDeploymentPostprocessing = 0;
		};
/* End PBXResourcesBuildPhase section */

/* Begin PBXSourcesBuildPhase section */
		72DB049F1FE90EE7002C1720 /* Sources */ = {
			isa = PBXSourcesBuildPhase;
			buildActionMask = 2147483647;
			files = (
				72DB04AB1FE90EE7002C1720 /* ViewController.m in Sources */,
				72DB04B61FE90EE7002C1720 /* main.m in Sources */,
				72DB04A81FE90EE7002C1720 /* AppDelegate.m in Sources */,
			);
			runOnlyForDeploymentPostprocessing = 0;
		};
/* End PBXSourcesBuildPhase section */

/* Begin PBXVariantGroup section */
		72DB04AC1FE90EE7002C1720 /* Main.storyboard */ = {
			isa = PBXVariantGroup;
			children = (
				72DB04AD1FE90EE7002C1720 /* Base */,
			);
			name = Main.storyboard;
			sourceTree = "<group>";
		};
		72DB04B11FE90EE7002C1720 /* LaunchScreen.storyboard */ = {
			isa = PBXVariantGroup;
			children = (
				72DB04B21FE90EE7002C1720 /* Base */,
			);
			name = LaunchScreen.storyboard;
			sourceTree = "<group>";
		};
/* End PBXVariantGroup section */

/* Begin XCBuildConfiguration section */
		72DB04B71FE90EE7002C1720 /* Debug */ = {
			isa = XCBuildConfiguration;
			buildSettings = {
				ALWAYS_SEARCH_USER_PATHS = NO;
				CLANG_ANALYZER_NONNULL = YES;
				CLANG_ANALYZER_NUMBER_OBJECT_CONVERSION = YES_AGGRESSIVE;
				CLANG_CXX_LANGUAGE_STANDARD = "gnu++14";
				CLANG_CXX_LIBRARY = "libc++";
				CLANG_ENABLE_MODULES = YES;
				CLANG_ENABLE_OBJC_ARC = YES;
				CLANG_WARN_BLOCK_CAPTURE_AUTORELEASING = YES;
				CLANG_WARN_BOOL_CONVERSION = YES;
				CLANG_WARN_COMMA = YES;
				CLANG_WARN_CONSTANT_CONVERSION = YES;
				CLANG_WARN_DIRECT_OBJC_ISA_USAGE = YES_ERROR;
				CLANG_WARN_DOCUMENTATION_COMMENTS = YES;
				CLANG_WARN_EMPTY_BODY = YES;
				CLANG_WARN_ENUM_CONVERSION = YES;
				CLANG_WARN_INFINITE_RECURSION = YES;
				CLANG_WARN_INT_CONVERSION = YES;
				CLANG_WARN_NON_LITERAL_NULL_CONVERSION = YES;
				CLANG_WARN_OBJC_LITERAL_CONVERSION = YES;
				CLANG_WARN_OBJC_ROOT_CLASS = YES_ERROR;
				CLANG_WARN_RANGE_LOOP_ANALYSIS = YES;
				CLANG_WARN_STRICT_PROTOTYPES = YES;
				CLANG_WARN_SUSPICIOUS_MOVE = YES;
				CLANG_WARN_UNGUARDED_AVAILABILITY = YES_AGGRESSIVE;
				CLANG_WARN_UNREACHABLE_CODE = YES;
				CLANG_WARN__DUPLICATE_METHOD_MATCH = YES;
				CODE_SIGN_IDENTITY = "iPhone Developer";
				COPY_PHASE_STRIP = NO;
				DEBUG_INFORMATION_FORMAT = dwarf;
				ENABLE_STRICT_OBJC_MSGSEND = YES;
				ENABLE_TESTABILITY = YES;
				GCC_C_LANGUAGE_STANDARD = gnu11;
				GCC_DYNAMIC_NO_PIC = NO;
				GCC_NO_COMMON_BLOCKS = YES;
				GCC_OPTIMIZATION_LEVEL = 0;
				GCC_PREPROCESSOR_DEFINITIONS = (
					"DEBUG=1",
					"$(inherited)",
				);
				GCC_WARN_64_TO_32_BIT_CONVERSION = YES;
				GCC_WARN_ABOUT_RETURN_TYPE = YES_ERROR;
				GCC_WARN_UNDECLARED_SELECTOR = YES;
				GCC_WARN_UNINITIALIZED_AUTOS = YES_AGGRESSIVE;
				GCC_WARN_UNUSED_FUNCTION = YES;
				GCC_WARN_UNUSED_VARIABLE = YES;
				IPHONEOS_DEPLOYMENT_TARGET = 11.2;
				MTL_ENABLE_DEBUG_INFO = YES;
				ONLY_ACTIVE_ARCH = YES;
				SDKROOT = iphoneos;
			};
			name = Debug;
		};
		72DB04B81FE90EE7002C1720 /* Release */ = {
			isa = XCBuildConfiguration;
			buildSettings = {
				ALWAYS_SEARCH_USER_PATHS = NO;
				CLANG_ANALYZER_NONNULL = YES;
				CLANG_ANALYZER_NUMBER_OBJECT_CONVERSION = YES_AGGRESSIVE;
				CLANG_CXX_LANGUAGE_STANDARD = "gnu++14";
				CLANG_CXX_LIBRARY = "libc++";
				CLANG_ENABLE_MODULES = YES;
				CLANG_ENABLE_OBJC_ARC = YES;
				CLANG_WARN_BLOCK_CAPTURE_AUTORELEASING = YES;
				CLANG_WARN_BOOL_CONVERSION = YES;
				CLANG_WARN_COMMA = YES;
				CLANG_WARN_CONSTANT_CONVERSION = YES;
				CLANG_WARN_DIRECT_OBJC_ISA_USAGE = YES_ERROR;
				CLANG_WARN_DOCUMENTATION_COMMENTS = YES;
				CLANG_WARN_EMPTY_BODY = YES;
				CLANG_WARN_ENUM_CONVERSION = YES;
				CLANG_WARN_INFINITE_RECURSION = YES;
				CLANG_WARN_INT_CONVERSION = YES;
				CLANG_WARN_NON_LITERAL_NULL_CONVERSION = YES;
				CLANG_WARN_OBJC_LITERAL_CONVERSION = YES;
				CLANG_WARN_OBJC_ROOT_CLASS = YES_ERROR;
				CLANG_WARN_RANGE_LOOP_ANALYSIS = YES;
				CLANG_WARN_STRICT_PROTOTYPES = YES;
				CLANG_WARN_SUSPICIOUS_MOVE = YES;
				CLANG_WARN_UNGUARDED_AVAILABILITY = YES_AGGRESSIVE;
				CLANG_WARN_UNREACHABLE_CODE = YES;
				CLANG_WARN__DUPLICATE_METHOD_MATCH = YES;
				CODE_SIGN_IDENTITY = "iPhone Developer";
				COPY_PHASE_STRIP = NO;
				DEBUG_INFORMATION_FORMAT = "dwarf-with-dsym";
				ENABLE_NS_ASSERTIONS = NO;
				ENABLE_STRICT_OBJC_MSGSEND = YES;
				GCC_C_LANGUAGE_STANDARD = gnu11;
				GCC_NO_COMMON_BLOCKS = YES;
				GCC_WARN_64_TO_32_BIT_CONVERSION = YES;
				GCC_WARN_ABOUT_RETURN_TYPE = YES_ERROR;
				GCC_WARN_UNDECLARED_SELECTOR = YES;
				GCC_WARN_UNINITIALIZED_AUTOS = YES_AGGRESSIVE;
				GCC_WARN_UNUSED_FUNCTION = YES;
				GCC_WARN_UNUSED_VARIABLE = YES;
				IPHONEOS_DEPLOYMENT_TARGET = 11.2;
				MTL_ENABLE_DEBUG_INFO = NO;
				SDKROOT = iphoneos;
				VALIDATE_PRODUCT = YES;
			};
			name = Release;
		};
		72DB04BA1FE90EE7002C1720 /* Debug */ = {
			isa = XCBuildConfiguration;
			buildSettings = {
				ASSETCATALOG_COMPILER_APPICON_NAME = AppIcon;
				CODE_SIGN_STYLE = Automatic;
				DEVELOPMENT_TEAM = UY2UMKF7DD;
				INFOPLIST_FILE = carTerminal/Info.plist;
				LD_RUNPATH_SEARCH_PATHS = "$(inherited) @executable_path/Frameworks";
				PRODUCT_BUNDLE_IDENTIFIER = com.hardtosaygoodbye.carTerminal;
				PRODUCT_NAME = "$(TARGET_NAME)";
				TARGETED_DEVICE_FAMILY = "1,2";
			};
			name = Debug;
		};
		72DB04BB1FE90EE7002C1720 /* Release */ = {
			isa = XCBuildConfiguration;
			buildSettings = {
				ASSETCATALOG_COMPILER_APPICON_NAME = AppIcon;
				CODE_SIGN_STYLE = Automatic;
				DEVELOPMENT_TEAM = UY2UMKF7DD;
				INFOPLIST_FILE = carTerminal/Info.plist;
				LD_RUNPATH_SEARCH_PATHS = "$(inherited) @executable_path/Frameworks";
				PRODUCT_BUNDLE_IDENTIFIER = com.hardtosaygoodbye.carTerminal;
				PRODUCT_NAME = "$(TARGET_NAME)";
				TARGETED_DEVICE_FAMILY = "1,2";
			};
			name = Release;
		};
/* End XCBuildConfiguration section */

/* Begin XCConfigurationList section */
		72DB049E1FE90EE7002C1720 /* Build configuration list for PBXProject "carTerminal" */ = {
			isa = XCConfigurationList;
			buildConfigurations = (
				72DB04B71FE90EE7002C1720 /* Debug */,
				72DB04B81FE90EE7002C1720 /* Release */,
			);
			defaultConfigurationIsVisible = 0;
			defaultConfigurationName = Release;
		};
		72DB04B91FE90EE7002C1720 /* Build configuration list for PBXNativeTarget "carTerminal" */ = {
			isa = XCConfigurationList;
			buildConfigurations = (
				72DB04BA1FE90EE7002C1720 /* Debug */,
				72DB04BB1FE90EE7002C1720 /* Release */,
			);
			defaultConfigurationIsVisible = 0;
			defaultConfigurationName = Release;
		};
/* End XCConfigurationList section */
	};
	rootObject = 72DB049B1FE90EE7002C1720 /* Project object */;
}
